
Microsoft Visual Studio Solution File, Format Version 12.00
# Visual Studio Version 17
VisualStudioVersion = 17.12.35506.116 d17.12
MinimumVisualStudioVersion = 10.0.40219.1
Project("{FAE04EC0-301F-11D3-BF4B-00C04F79EFBC}") = "Bai2", "Bai2\Bai2.csproj", "{DFC3CE5E-5A30-4C16-BB6C-6693E46EDADE}"
EndProject
Global
	GlobalSection(SolutionConfigurationPlatforms) = preSolution
		Debug|Any CPU = Debug|Any CPU
		Release|Any CPU = Release|Any CPU
	EndGlobalSection
	GlobalSection(ProjectConfigurationPlatforms) = postSolution
		{DFC3CE5E-5A30-4C16-BB6C-6693E46EDADE}.Debug|Any CPU.ActiveCfg = Debug|Any CPU
		{DFC3CE5E-5A30-4C16-BB6C-6693E46EDADE}.Debug|Any CPU.Build.0 = Debug|Any CPU
		{DFC3CE5E-5A30-4C16-BB6C-6693E46EDADE}.Release|Any CPU.ActiveCfg = Release|Any CPU
		{DFC3CE5E-5A30-4C16-BB6C-6693E46EDADE}.Release|Any CPU.Build.0 = Release|Any CPU
	EndGlobalSection
	GlobalSection(SolutionProperties) = preSolution
		HideSolutionNode = FALSE
	EndGlobalSection
EndGlobal
